// !$*UTF8*$!
{
	archiveVersion = 1;
	classes = {
	};
	objectVersion = 56;
	objects = {

/* Begin PBXBuildFile section */
		596160DF2BAEE91500111C40 /* Extensions.swift in Sources */ = {isa = PBXBuildFile; fileRef = 596160DE2BAEE91500111C40 /* Extensions.swift */; };
		596160E12BAEEC0D00111C40 /* MessageField.swift in Sources */ = {isa = PBXBuildFile; fileRef = 596160E02BAEEC0D00111C40 /* MessageField.swift */; };
		596160E32BAF13BE00111C40 /* GoogleService-Info.plist in Resources */ = {isa = PBXBuildFile; fileRef = 596160E22BAF13BE00111C40 /* GoogleService-Info.plist */; };
		596160E62BAF146700111C40 /* FirebaseFirestore in Frameworks */ = {isa = PBXBuildFile; productRef = 596160E52BAF146700111C40 /* FirebaseFirestore */; };
		596160E82BAF146700111C40 /* FirebaseFirestoreSwift in Frameworks */ = {isa = PBXBuildFile; productRef = 596160E72BAF146700111C40 /* FirebaseFirestoreSwift */; };
		596160EA2BAF16C300111C40 /* MessgesManager.swift in Sources */ = {isa = PBXBuildFile; fileRef = 596160E92BAF16C300111C40 /* MessgesManager.swift */; };
		596C7D882BAEDB9E009A0C1A /* chatApp.swift in Sources */ = {isa = PBXBuildFile; fileRef = 596C7D872BAEDB9E009A0C1A /* chatApp.swift */; };
		596C7D8A2BAEDB9E009A0C1A /* ContentView.swift in Sources */ = {isa = PBXBuildFile; fileRef = 596C7D892BAEDB9E009A0C1A /* ContentView.swift */; };
		596C7D8C2BAEDB9F009A0C1A /* Assets.xcassets in Resources */ = {isa = PBXBuildFile; fileRef = 596C7D8B2BAEDB9F009A0C1A /* Assets.xcassets */; };
		596C7D8F2BAEDB9F009A0C1A /* Preview Assets.xcassets in Resources */ = {isa = PBXBuildFile; fileRef = 596C7D8E2BAEDB9F009A0C1A /* Preview Assets.xcassets */; };
		596C7D992BAEDB9F009A0C1A /* chatTests.swift in Sources */ = {isa = PBXBuildFile; fileRef = 596C7D982BAEDB9F009A0C1A /* chatTests.swift */; };
		596C7DA32BAEDB9F009A0C1A /* chatUITests.swift in Sources */ = {isa = PBXBuildFile; fileRef = 596C7DA22BAEDB9F009A0C1A /* chatUITests.swift */; };
		596C7DA52BAEDB9F009A0C1A /* chatUITestsLaunchTests.swift in Sources */ = {isa = PBXBuildFile; fileRef = 596C7DA42BAEDB9F009A0C1A /* chatUITestsLaunchTests.swift */; };
		596C7DC02BAEE034009A0C1A /* TitleRow.swift in Sources */ = {isa = PBXBuildFile; fileRef = 596C7DBF2BAEE034009A0C1A /* TitleRow.swift */; };
		596C7DC32BAEE25B009A0C1A /* Message.swift in Sources */ = {isa = PBXBuildFile; fileRef = 596C7DC22BAEE25B009A0C1A /* Message.swift */; };
		596C7DC52BAEE2B3009A0C1A /* MessageBubble.swift in Sources */ = {isa = PBXBuildFile; fileRef = 596C7DC42BAEE2B3009A0C1A /* MessageBubble.swift */; };
/* End PBXBuildFile section */

/* Begin PBXContainerItemProxy section */
		596C7D952BAEDB9F009A0C1A /* PBXContainerItemProxy */ = {
			isa = PBXContainerItemProxy;
			containerPortal = 596C7D7C2BAEDB9E009A0C1A /* Project object */;
			proxyType = 1;
			remoteGlobalIDString = 596C7D832BAEDB9E009A0C1A;
			remoteInfo = chat;
		};
		596C7D9F2BAEDB9F009A0C1A /* PBXContainerItemProxy */ = {
			isa = PBXContainerItemProxy;
			containerPortal = 596C7D7C2BAEDB9E009A0C1A /* Project object */;
			proxyType = 1;
			remoteGlobalIDString = 596C7D832BAEDB9E009A0C1A;
			remoteInfo = chat;
		};
/* End PBXContainerItemProxy section */

/* Begin PBXFileReference section */
		596160DE2BAEE91500111C40 /* Extensions.swift */ = {isa = PBXFileReference; lastKnownFileType = sourcecode.swift; path = Extensions.swift; sourceTree = "<group>"; };
		596160E02BAEEC0D00111C40 /* MessageField.swift */ = {isa = PBXFileReference; lastKnownFileType = sourcecode.swift; path = MessageField.swift; sourceTree = "<group>"; };
		596160E22BAF13BE00111C40 /* GoogleService-Info.plist */ = {isa = PBXFileReference; fileEncoding = 4; lastKnownFileType = text.plist.xml; path = "GoogleService-Info.plist"; sourceTree = "<group>"; };
		596160E92BAF16C300111C40 /* MessgesManager.swift */ = {isa = PBXFileReference; lastKnownFileType = sourcecode.swift; path = MessgesManager.swift; sourceTree = "<group>"; };
		596C7D842BAEDB9E009A0C1A /* chat.app */ = {isa = PBXFileReference; explicitFileType = wrapper.application; includeInIndex = 0; path = chat.app; sourceTree = BUILT_PRODUCTS_DIR; };
		596C7D872BAEDB9E009A0C1A /* chatApp.swift */ = {isa = PBXFileReference; lastKnownFileType = sourcecode.swift; path = chatApp.swift; sourceTree = "<group>"; };
		596C7D892BAEDB9E009A0C1A /* ContentView.swift */ = {isa = PBXFileReference; lastKnownFileType = sourcecode.swift; path = ContentView.swift; sourceTree = "<group>"; };
		596C7D8B2BAEDB9F009A0C1A /* Assets.xcassets */ = {isa = PBXFileReference; lastKnownFileType = folder.assetcatalog; path = Assets.xcassets; sourceTree = "<group>"; };
		596C7D8E2BAEDB9F009A0C1A /* Preview Assets.xcassets */ = {isa = PBXFileReference; lastKnownFileType = folder.assetcatalog; path = "Preview Assets.xcassets"; sourceTree = "<group>"; };
		596C7D942BAEDB9F009A0C1A /* chatTests.xctest */ = {isa = PBXFileReference; explicitFileType = wrapper.cfbundle; includeInIndex = 0; path = chatTests.xctest; sourceTree = BUILT_PRODUCTS_DIR; };
		596C7D982BAEDB9F009A0C1A /* chatTests.swift */ = {isa = PBXFileReference; lastKnownFileType = sourcecode.swift; path = chatTests.swift; sourceTree = "<group>"; };
		596C7D9E2BAEDB9F009A0C1A /* chatUITests.xctest */ = {isa = PBXFileReference; explicitFileType = wrapper.cfbundle; includeInIndex = 0; path = chatUITests.xctest; sourceTree = BUILT_PRODUCTS_DIR; };
		596C7DA22BAEDB9F009A0C1A /* chatUITests.swift */ = {isa = PBXFileReference; lastKnownFileType = sourcecode.swift; path = chatUITests.swift; sourceTree = "<group>"; };
		596C7DA42BAEDB9F009A0C1A /* chatUITestsLaunchTests.swift */ = {isa = PBXFileReference; lastKnownFileType = sourcecode.swift; path = chatUITestsLaunchTests.swift; sourceTree = "<group>"; };
		596C7DBF2BAEE034009A0C1A /* TitleRow.swift */ = {isa = PBXFileReference; lastKnownFileType = sourcecode.swift; path = TitleRow.swift; sourceTree = "<group>"; };
		596C7DC22BAEE25B009A0C1A /* Message.swift */ = {isa = PBXFileReference; lastKnownFileType = sourcecode.swift; path = Message.swift; sourceTree = "<group>"; };
		596C7DC42BAEE2B3009A0C1A /* MessageBubble.swift */ = {isa = PBXFileReference; lastKnownFileType = sourcecode.swift; path = MessageBubble.swift; sourceTree = "<group>"; };
/* End PBXFileReference section */

/* Begin PBXFrameworksBuildPhase section */
		596C7D812BAEDB9E009A0C1A /* Frameworks */ = {
			isa = PBXFrameworksBuildPhase;
			buildActionMask = 2147483647;
			files = (
				596160E62BAF146700111C40 /* FirebaseFirestore in Frameworks */,
				596160E82BAF146700111C40 /* FirebaseFirestoreSwift in Frameworks */,
			);
			runOnlyForDeploymentPostprocessing = 0;
		};
		596C7D912BAEDB9F009A0C1A /* Frameworks */ = {
			isa = PBXFrameworksBuildPhase;
			buildActionMask = 2147483647;
			files = (
			);
			runOnlyForDeploymentPostprocessing = 0;
		};
		596C7D9B2BAEDB9F009A0C1A /* Frameworks */ = {
			isa = PBXFrameworksBuildPhase;
			buildActionMask = 2147483647;
			files = (
			);
			runOnlyForDeploymentPostprocessing = 0;
		};
/* End PBXFrameworksBuildPhase section */

/* Begin PBXGroup section */
		596C7D7B2BAEDB9E009A0C1A = {
			isa = PBXGroup;
			children = (
				596160E92BAF16C300111C40 /* MessgesManager.swift */,
				596160E22BAF13BE00111C40 /* GoogleService-Info.plist */,
				596160DE2BAEE91500111C40 /* Extensions.swift */,
				596C7DC12BAEE24A009A0C1A /* Models */,
				596C7DBE2BAEE01F009A0C1A /* Components */,
				596C7D862BAEDB9E009A0C1A /* chat */,
				596C7D972BAEDB9F009A0C1A /* chatTests */,
				596C7DA12BAEDB9F009A0C1A /* chatUITests */,
				596C7D852BAEDB9E009A0C1A /* Products */,
			);
			sourceTree = "<group>";
		};
		596C7D852BAEDB9E009A0C1A /* Products */ = {
			isa = PBXGroup;
			children = (
				596C7D842BAEDB9E009A0C1A /* chat.app */,
				596C7D942BAEDB9F009A0C1A /* chatTests.xctest */,
				596C7D9E2BAEDB9F009A0C1A /* chatUITests.xctest */,
			);
			name = Products;
			sourceTree = "<group>";
		};
		596C7D862BAEDB9E009A0C1A /* chat */ = {
			isa = PBXGroup;
			children = (
				596C7D872BAEDB9E009A0C1A /* chatApp.swift */,
				596C7D892BAEDB9E009A0C1A /* ContentView.swift */,
				596C7D8B2BAEDB9F009A0C1A /* Assets.xcassets */,
				596C7D8D2BAEDB9F009A0C1A /* Preview Content */,
			);
			path = chat;
			sourceTree = "<group>";
		};
		596C7D8D2BAEDB9F009A0C1A /* Preview Content */ = {
			isa = PBXGroup;
			children = (
				596C7D8E2BAEDB9F009A0C1A /* Preview Assets.xcassets */,
			);
			path = "Preview Content";
			sourceTree = "<group>";
		};
		596C7D972BAEDB9F009A0C1A /* chatTests */ = {
			isa = PBXGroup;
			children = (
				596C7D982BAEDB9F009A0C1A /* chatTests.swift */,
			);
			path = chatTests;
			sourceTree = "<group>";
		};
		596C7DA12BAEDB9F009A0C1A /* chatUITests */ = {
			isa = PBXGroup;
			children = (
				596C7DBD2BAEDFE2009A0C1A /* Components */,
				596C7DA22BAEDB9F009A0C1A /* chatUITests.swift */,
				596C7DA42BAEDB9F009A0C1A /* chatUITestsLaunchTests.swift */,
			);
			path = chatUITests;
			sourceTree = "<group>";
		};
		596C7DBD2BAEDFE2009A0C1A /* Components */ = {
			isa = PBXGroup;
			children = (
			);
			path = Components;
			sourceTree = "<group>";
		};
		596C7DBE2BAEE01F009A0C1A /* Components */ = {
			isa = PBXGroup;
			children = (
				596C7DBF2BAEE034009A0C1A /* TitleRow.swift */,
				596C7DC42BAEE2B3009A0C1A /* MessageBubble.swift */,
				596160E02BAEEC0D00111C40 /* MessageField.swift */,
			);
			path = Components;
			sourceTree = "<group>";
		};
		596C7DC12BAEE24A009A0C1A /* Models */ = {
			isa = PBXGroup;
			children = (
				596C7DC22BAEE25B009A0C1A /* Message.swift */,
			);
			path = Models;
			sourceTree = "<group>";
		};
/* End PBXGroup section */

/* Begin PBXNativeTarget section */
		596C7D832BAEDB9E009A0C1A /* chat */ = {
			isa = PBXNativeTarget;
			buildConfigurationList = 596C7DA82BAEDB9F009A0C1A /* Build configuration list for PBXNativeTarget "chat" */;
			buildPhases = (
				596C7D802BAEDB9E009A0C1A /* Sources */,
				596C7D812BAEDB9E009A0C1A /* Frameworks */,
				596C7D822BAEDB9E009A0C1A /* Resources */,
			);
			buildRules = (
			);
			dependencies = (
			);
			name = chat;
			packageProductDependencies = (
				596160E52BAF146700111C40 /* FirebaseFirestore */,
				596160E72BAF146700111C40 /* FirebaseFirestoreSwift */,
			);
			productName = chat;
			productReference = 596C7D842BAEDB9E009A0C1A /* chat.app */;
			productType = "com.apple.product-type.application";
		};
		596C7D932BAEDB9F009A0C1A /* chatTests */ = {
			isa = PBXNativeTarget;
			buildConfigurationList = 596C7DAB2BAEDB9F009A0C1A /* Build configuration list for PBXNativeTarget "chatTests" */;
			buildPhases = (
				596C7D902BAEDB9F009A0C1A /* Sources */,
				596C7D912BAEDB9F009A0C1A /* Frameworks */,
				596C7D922BAEDB9F009A0C1A /* Resources */,
			);
			buildRules = (
			);
			dependencies = (
				596C7D962BAEDB9F009A0C1A /* PBXTargetDependency */,
			);
			name = chatTests;
			productName = chatTests;
			productReference = 596C7D942BAEDB9F009A0C1A /* chatTests.xctest */;
			productType = "com.apple.product-type.bundle.unit-test";
		};
		596C7D9D2BAEDB9F009A0C1A /* chatUITests */ = {
			isa = PBXNativeTarget;
			buildConfigurationList = 596C7DAE2BAEDB9F009A0C1A /* Build configuration list for PBXNativeTarget "chatUITests" */;
			buildPhases = (
				596C7D9A2BAEDB9F009A0C1A /* Sources */,
				596C7D9B2BAEDB9F009A0C1A /* Frameworks */,
				596C7D9C2BAEDB9F009A0C1A /* Resources */,
			);
			buildRules = (
			);
			dependencies = (
				596C7DA02BAEDB9F009A0C1A /* PBXTargetDependency */,
			);
			name = chatUITests;
			productName = chatUITests;
			productReference = 596C7D9E2BAEDB9F009A0C1A /* chatUITests.xctest */;
			productType = "com.apple.product-type.bundle.ui-testing";
		};
/* End PBXNativeTarget section */

/* Begin PBXProject section */
		596C7D7C2BAEDB9E009A0C1A /* Project object */ = {
			isa = PBXProject;
			attributes = {
				BuildIndependentTargetsInParallel = 1;
				LastSwiftUpdateCheck = 1510;
				LastUpgradeCheck = 1510;
				TargetAttributes = {
					596C7D832BAEDB9E009A0C1A = {
						CreatedOnToolsVersion = 15.1;
					};
					596C7D932BAEDB9F009A0C1A = {
						CreatedOnToolsVersion = 15.1;
						TestTargetID = 596C7D832BAEDB9E009A0C1A;
					};
					596C7D9D2BAEDB9F009A0C1A = {
						CreatedOnToolsVersion = 15.1;
						TestTargetID = 596C7D832BAEDB9E009A0C1A;
					};
				};
			};
			buildConfigurationList = 596C7D7F2BAEDB9E009A0C1A /* Build configuration list for PBXProject "chat" */;
			compatibilityVersion = "Xcode 14.0";
			developmentRegion = en;
			hasScannedForEncodings = 0;
			knownRegions = (
				en,
				Base,
			);
			mainGroup = 596C7D7B2BAEDB9E009A0C1A;
			packageReferences = (
				596160E42BAF146700111C40 /* XCRemoteSwiftPackageReference "firebase-ios-sdk" */,
			);
			productRefGroup = 596C7D852BAEDB9E009A0C1A /* Products */;
			projectDirPath = "";
			projectRoot = "";
			targets = (
				596C7D832BAEDB9E009A0C1A /* chat */,
				596C7D932BAEDB9F009A0C1A /* chatTests */,
				596C7D9D2BAEDB9F009A0C1A /* chatUITests */,
			);
		};
/* End PBXProject section */

/* Begin PBXResourcesBuildPhase section */
		596C7D822BAEDB9E009A0C1A /* Resources */ = {
			isa = PBXResourcesBuildPhase;
			buildActionMask = 2147483647;
			files = (
				596C7D8F2BAEDB9F009A0C1A /* Preview Assets.xcassets in Resources */,
				596C7D8C2BAEDB9F009A0C1A /* Assets.xcassets in Resources */,
				596160E32BAF13BE00111C40 /* GoogleService-Info.plist in Resources */,
			);
			runOnlyForDeploymentPostprocessing = 0;
		};
		596C7D922BAEDB9F009A0C1A /* Resources */ = {
			isa = PBXResourcesBuildPhase;
			buildActionMask = 2147483647;
			files = (
			);
			runOnlyForDeploymentPostprocessing = 0;
		};
		596C7D9C2BAEDB9F009A0C1A /* Resources */ = {
			isa = PBXResourcesBuildPhase;
			buildActionMask = 2147483647;
			files = (
			);
			runOnlyForDeploymentPostprocessing = 0;
		};
/* End PBXResourcesBuildPhase section */

/* Begin PBXSourcesBuildPhase section */
		596C7D802BAEDB9E009A0C1A /* Sources */ = {
			isa = PBXSourcesBuildPhase;
			buildActionMask = 2147483647;
			files = (
				596C7D8A2BAEDB9E009A0C1A /* ContentView.swift in Sources */,
				596160EA2BAF16C300111C40 /* MessgesManager.swift in Sources */,
				596160DF2BAEE91500111C40 /* Extensions.swift in Sources */,
				596C7DC32BAEE25B009A0C1A /* Message.swift in Sources */,
				596160E12BAEEC0D00111C40 /* MessageField.swift in Sources */,
				596C7DC52BAEE2B3009A0C1A /* MessageBubble.swift in Sources */,
				596C7D882BAEDB9E009A0C1A /* chatApp.swift in Sources */,
				596C7DC02BAEE034009A0C1A /* TitleRow.swift in Sources */,
			);
			runOnlyForDeploymentPostprocessing = 0;
		};
		596C7D902BAEDB9F009A0C1A /* Sources */ = {
			isa = PBXSourcesBuildPhase;
			buildActionMask = 2147483647;
			files = (
				596C7D992BAEDB9F009A0C1A /* chatTests.swift in Sources */,
			);
			runOnlyForDeploymentPostprocessing = 0;
		};
		596C7D9A2BAEDB9F009A0C1A /* Sources */ = {
			isa = PBXSourcesBuildPhase;
			buildActionMask = 2147483647;
			files = (
				596C7DA52BAEDB9F009A0C1A /* chatUITestsLaunchTests.swift in Sources */,
				596C7DA32BAEDB9F009A0C1A /* chatUITests.swift in Sources */,
			);
			runOnlyForDeploymentPostprocessing = 0;
		};
/* End PBXSourcesBuildPhase section */

/* Begin PBXTargetDependency section */
		596C7D962BAEDB9F009A0C1A /* PBXTargetDependency */ = {
			isa = PBXTargetDependency;
			target = 596C7D832BAEDB9E009A0C1A /* chat */;
			targetProxy = 596C7D952BAEDB9F009A0C1A /* PBXContainerItemProxy */;
		};
		596C7DA02BAEDB9F009A0C1A /* PBXTargetDependency */ = {
			isa = PBXTargetDependency;
			target = 596C7D832BAEDB9E009A0C1A /* chat */;
			targetProxy = 596C7D9F2BAEDB9F009A0C1A /* PBXContainerItemProxy */;
		};
/* End PBXTargetDependency section */

/* Begin XCBuildConfiguration section */
		596C7DA62BAEDB9F009A0C1A /* Debug */ = {
			isa = XCBuildConfiguration;
			buildSettings = {
				ALWAYS_SEARCH_USER_PATHS = NO;
				ASSETCATALOG_COMPILER_GENERATE_SWIFT_ASSET_SYMBOL_EXTENSIONS = YES;
				CLANG_ANALYZER_NONNULL = YES;
				CLANG_ANALYZER_NUMBER_OBJECT_CONVERSION = YES_AGGRESSIVE;
				CLANG_CXX_LANGUAGE_STANDARD = "gnu++20";
				CLANG_ENABLE_MODULES = YES;
				CLANG_ENABLE_OBJC_ARC = YES;
				CLANG_ENABLE_OBJC_WEAK = YES;
				CLANG_WARN_BLOCK_CAPTURE_AUTORELEASING = YES;
				CLANG_WARN_BOOL_CONVERSION = YES;
				CLANG_WARN_COMMA = YES;
				CLANG_WARN_CONSTANT_CONVERSION = YES;
				CLANG_WARN_DEPRECATED_OBJC_IMPLEMENTATIONS = YES;
				CLANG_WARN_DIRECT_OBJC_ISA_USAGE = YES_ERROR;
				CLANG_WARN_DOCUMENTATION_COMMENTS = YES;
				CLANG_WARN_EMPTY_BODY = YES;
				CLANG_WARN_ENUM_CONVERSION = YES;
				CLANG_WARN_INFINITE_RECURSION = YES;
				CLANG_WARN_INT_CONVERSION = YES;
				CLANG_WARN_NON_LITERAL_NULL_CONVERSION = YES;
				CLANG_WARN_OBJC_IMPLICIT_RETAIN_SELF = YES;
				CLANG_WARN_OBJC_LITERAL_CONVERSION = YES;
				CLANG_WARN_OBJC_ROOT_CLASS = YES_ERROR;
				CLANG_WARN_QUOTED_INCLUDE_IN_FRAMEWORK_HEADER = YES;
				CLANG_WARN_RANGE_LOOP_ANALYSIS = YES;
				CLANG_WARN_STRICT_PROTOTYPES = YES;
				CLANG_WARN_SUSPICIOUS_MOVE = YES;
				CLANG_WARN_UNGUARDED_AVAILABILITY = YES_AGGRESSIVE;
				CLANG_WARN_UNREACHABLE_CODE = YES;
				CLANG_WARN__DUPLICATE_METHOD_MATCH = YES;
				COPY_PHASE_STRIP = NO;
				DEBUG_INFORMATION_FORMAT = dwarf;
				ENABLE_STRICT_OBJC_MSGSEND = YES;
				ENABLE_TESTABILITY = YES;
				ENABLE_USER_SCRIPT_SANDBOXING = YES;
				GCC_C_LANGUAGE_STANDARD = gnu17;
				GCC_DYNAMIC_NO_PIC = NO;
				GCC_NO_COMMON_BLOCKS = YES;
				GCC_OPTIMIZATION_LEVEL = 0;
				GCC_PREPROCESSOR_DEFINITIONS = (
					"DEBUG=1",
					"$(inherited)",
				);
				GCC_WARN_64_TO_32_BIT_CONVERSION = YES;
				GCC_WARN_ABOUT_RETURN_TYPE = YES_ERROR;
				GCC_WARN_UNDECLARED_SELECTOR = YES;
				GCC_WARN_UNINITIALIZED_AUTOS = YES_AGGRESSIVE;
				GCC_WARN_UNUSED_FUNCTION = YES;
				GCC_WARN_UNUSED_VARIABLE = YES;
				IPHONEOS_DEPLOYMENT_TARGET = 17.2;
				LOCALIZATION_PREFERS_STRING_CATALOGS = YES;
				MTL_ENABLE_DEBUG_INFO = INCLUDE_SOURCE;
				MTL_FAST_MATH = YES;
				ONLY_ACTIVE_ARCH = YES;
				SDKROOT = iphoneos;
				SWIFT_ACTIVE_COMPILATION_CONDITIONS = "DEBUG $(inherited)";
				SWIFT_OPTIMIZATION_LEVEL = "-Onone";
			};
			name = Debug;
		};
		596C7DA72BAEDB9F009A0C1A /* Release */ = {
			isa = XCBuildConfiguration;
			buildSettings = {
				ALWAYS_SEARCH_USER_PATHS = NO;
				ASSETCATALOG_COMPILER_GENERATE_SWIFT_ASSET_SYMBOL_EXTENSIONS = YES;
				CLANG_ANALYZER_NONNULL = YES;
				CLANG_ANALYZER_NUMBER_OBJECT_CONVERSION = YES_AGGRESSIVE;
				CLANG_CXX_LANGUAGE_STANDARD = "gnu++20";
				CLANG_ENABLE_MODULES = YES;
				CLANG_ENABLE_OBJC_ARC = YES;
				CLANG_ENABLE_OBJC_WEAK = YES;
				CLANG_WARN_BLOCK_CAPTURE_AUTORELEASING = YES;
				CLANG_WARN_BOOL_CONVERSION = YES;
				CLANG_WARN_COMMA = YES;
				CLANG_WARN_CONSTANT_CONVERSION = YES;
				CLANG_WARN_DEPRECATED_OBJC_IMPLEMENTATIONS = YES;
				CLANG_WARN_DIRECT_OBJC_ISA_USAGE = YES_ERROR;
				CLANG_WARN_DOCUMENTATION_COMMENTS = YES;
				CLANG_WARN_EMPTY_BODY = YES;
				CLANG_WARN_ENUM_CONVERSION = YES;
				CLANG_WARN_INFINITE_RECURSION = YES;
				CLANG_WARN_INT_CONVERSION = YES;
				CLANG_WARN_NON_LITERAL_NULL_CONVERSION = YES;
				CLANG_WARN_OBJC_IMPLICIT_RETAIN_SELF = YES;
				CLANG_WARN_OBJC_LITERAL_CONVERSION = YES;
				CLANG_WARN_OBJC_ROOT_CLASS = YES_ERROR;
				CLANG_WARN_QUOTED_INCLUDE_IN_FRAMEWORK_HEADER = YES;
				CLANG_WARN_RANGE_LOOP_ANALYSIS = YES;
				CLANG_WARN_STRICT_PROTOTYPES = YES;
				CLANG_WARN_SUSPICIOUS_MOVE = YES;
				CLANG_WARN_UNGUARDED_AVAILABILITY = YES_AGGRESSIVE;
				CLANG_WARN_UNREACHABLE_CODE = YES;
				CLANG_WARN__DUPLICATE_METHOD_MATCH = YES;
				COPY_PHASE_STRIP = NO;
				DEBUG_INFORMATION_FORMAT = "dwarf-with-dsym";
				ENABLE_NS_ASSERTIONS = NO;
				ENABLE_STRICT_OBJC_MSGSEND = YES;
				ENABLE_USER_SCRIPT_SANDBOXING = YES;
				GCC_C_LANGUAGE_STANDARD = gnu17;
				GCC_NO_COMMON_BLOCKS = YES;
				GCC_WARN_64_TO_32_BIT_CONVERSION = YES;
				GCC_WARN_ABOUT_RETURN_TYPE = YES_ERROR;
				GCC_WARN_UNDECLARED_SELECTOR = YES;
				GCC_WARN_UNINITIALIZED_AUTOS = YES_AGGRESSIVE;
				GCC_WARN_UNUSED_FUNCTION = YES;
				GCC_WARN_UNUSED_VARIABLE = YES;
				IPHONEOS_DEPLOYMENT_TARGET = 17.2;
				LOCALIZATION_PREFERS_STRING_CATALOGS = YES;
				MTL_ENABLE_DEBUG_INFO = NO;
				MTL_FAST_MATH = YES;
				SDKROOT = iphoneos;
				SWIFT_COMPILATION_MODE = wholemodule;
				VALIDATE_PRODUCT = YES;
			};
			name = Release;
		};
		596C7DA92BAEDB9F009A0C1A /* Debug */ = {
			isa = XCBuildConfiguration;
			buildSettings = {
				ASSETCATALOG_COMPILER_APPICON_NAME = AppIcon;
				ASSETCATALOG_COMPILER_GLOBAL_ACCENT_COLOR_NAME = AccentColor;
				CODE_SIGN_STYLE = Automatic;
				CURRENT_PROJECT_VERSION = 1;
				DEVELOPMENT_ASSET_PATHS = "\"chat/Preview Content\"";
				DEVELOPMENT_TEAM = 8R3N83F77J;
				ENABLE_PREVIEWS = YES;
				GENERATE_INFOPLIST_FILE = YES;
				INFOPLIST_KEY_UIApplicationSceneManifest_Generation = YES;
				INFOPLIST_KEY_UIApplicationSupportsIndirectInputEvents = YES;
				INFOPLIST_KEY_UILaunchScreen_Generation = YES;
				INFOPLIST_KEY_UISupportedInterfaceOrientations_iPad = "UIInterfaceOrientationPortrait UIInterfaceOrientationPortraitUpsideDown UIInterfaceOrientationLandscapeLeft UIInterfaceOrientationLandscapeRight";
				INFOPLIST_KEY_UISupportedInterfaceOrientations_iPhone = "UIInterfaceOrientationPortrait UIInterfaceOrientationLandscapeLeft UIInterfaceOrientationLandscapeRight";
				LD_RUNPATH_SEARCH_PATHS = (
					"$(inherited)",
					"@executable_path/Frameworks",
				);
				MARKETING_VERSION = 1.0;
				PRODUCT_BUNDLE_IDENTIFIER = in.edu.srmist.chat;
				PRODUCT_NAME = "$(TARGET_NAME)";
				SWIFT_EMIT_LOC_STRINGS = YES;
				SWIFT_VERSION = 5.0;
				TARGETED_DEVICE_FAMILY = "1,2";
			};
			name = Debug;
		};
		596C7DAA2BAEDB9F009A0C1A /* Release */ = {
			isa = XCBuildConfiguration;
			buildSettings = {
				ASSETCATALOG_COMPILER_APPICON_NAME = AppIcon;
				ASSETCATALOG_COMPILER_GLOBAL_ACCENT_COLOR_NAME = AccentColor;
				CODE_SIGN_STYLE = Automatic;
				CURRENT_PROJECT_VERSION = 1;
				DEVELOPMENT_ASSET_PATHS = "\"chat/Preview Content\"";
				DEVELOPMENT_TEAM = 8R3N83F77J;
				ENABLE_PREVIEWS = YES;
				GENERATE_INFOPLIST_FILE = YES;
				INFOPLIST_KEY_UIApplicationSceneManifest_Generation = YES;
				INFOPLIST_KEY_UIApplicationSupportsIndirectInputEvents = YES;
				INFOPLIST_KEY_UILaunchScreen_Generation = YES;
				INFOPLIST_KEY_UISupportedInterfaceOrientations_iPad = "UIInterfaceOrientationPortrait UIInterfaceOrientationPortraitUpsideDown UIInterfaceOrientationLandscapeLeft UIInterfaceOrientationLandscapeRight";
				INFOPLIST_KEY_UISupportedInterfaceOrientations_iPhone = "UIInterfaceOrientationPortrait UIInterfaceOrientationLandscapeLeft UIInterfaceOrientationLandscapeRight";
				LD_RUNPATH_SEARCH_PATHS = (
					"$(inherited)",
					"@executable_path/Frameworks",
				);
				MARKETING_VERSION = 1.0;
				PRODUCT_BUNDLE_IDENTIFIER = in.edu.srmist.chat;
				PRODUCT_NAME = "$(TARGET_NAME)";
				SWIFT_EMIT_LOC_STRINGS = YES;
				SWIFT_VERSION = 5.0;
				TARGETED_DEVICE_FAMILY = "1,2";
			};
			name = Release;
		};
		596C7DAC2BAEDB9F009A0C1A /* Debug */ = {
			isa = XCBuildConfiguration;
			buildSettings = {
				ALWAYS_EMBED_SWIFT_STANDARD_LIBRARIES = YES;
				BUNDLE_LOADER = "$(TEST_HOST)";
				CODE_SIGN_STYLE = Automatic;
				CURRENT_PROJECT_VERSION = 1;
				DEVELOPMENT_TEAM = 8R3N83F77J;
				GENERATE_INFOPLIST_FILE = YES;
				IPHONEOS_DEPLOYMENT_TARGET = 17.2;
				MARKETING_VERSION = 1.0;
				PRODUCT_BUNDLE_IDENTIFIER = in.edu.srmist.chatTests;
				PRODUCT_NAME = "$(TARGET_NAME)";
				SWIFT_EMIT_LOC_STRINGS = NO;
				SWIFT_VERSION = 5.0;
				TARGETED_DEVICE_FAMILY = "1,2";
				TEST_HOST = "$(BUILT_PRODUCTS_DIR)/chat.app/$(BUNDLE_EXECUTABLE_FOLDER_PATH)/chat";
			};
			name = Debug;
		};
		596C7DAD2BAEDB9F009A0C1A /* Release */ = {
			isa = XCBuildConfiguration;
			buildSettings = {
				ALWAYS_EMBED_SWIFT_STANDARD_LIBRARIES = YES;
				BUNDLE_LOADER = "$(TEST_HOST)";
				CODE_SIGN_STYLE = Automatic;
				CURRENT_PROJECT_VERSION = 1;
				DEVELOPMENT_TEAM = 8R3N83F77J;
				GENERATE_INFOPLIST_FILE = YES;
				IPHONEOS_DEPLOYMENT_TARGET = 17.2;
				MARKETING_VERSION = 1.0;
				PRODUCT_BUNDLE_IDENTIFIER = in.edu.srmist.chatTests;
				PRODUCT_NAME = "$(TARGET_NAME)";
				SWIFT_EMIT_LOC_STRINGS = NO;
				SWIFT_VERSION = 5.0;
				TARGETED_DEVICE_FAMILY = "1,2";
				TEST_HOST = "$(BUILT_PRODUCTS_DIR)/chat.app/$(BUNDLE_EXECUTABLE_FOLDER_PATH)/chat";
			};
			name = Release;
		};
		596C7DAF2BAEDB9F009A0C1A /* Debug */ = {
			isa = XCBuildConfiguration;
			buildSettings = {
				ALWAYS_EMBED_SWIFT_STANDARD_LIBRARIES = YES;
				CODE_SIGN_STYLE = Automatic;
				CURRENT_PROJECT_VERSION = 1;
				DEVELOPMENT_TEAM = 8R3N83F77J;
				GENERATE_INFOPLIST_FILE = YES;
				MARKETING_VERSION = 1.0;
				PRODUCT_BUNDLE_IDENTIFIER = in.edu.srmist.chatUITests;
				PRODUCT_NAME = "$(TARGET_NAME)";
				SWIFT_EMIT_LOC_STRINGS = NO;
				SWIFT_VERSION = 5.0;
				TARGETED_DEVICE_FAMILY = "1,2";
				TEST_TARGET_NAME = chat;
			};
			name = Debug;
		};
		596C7DB02BAEDB9F009A0C1A /* Release */ = {
			isa = XCBuildConfiguration;
			buildSettings = {
				ALWAYS_EMBED_SWIFT_STANDARD_LIBRARIES = YES;
				CODE_SIGN_STYLE = Automatic;
				CURRENT_PROJECT_VERSION = 1;
				DEVELOPMENT_TEAM = 8R3N83F77J;
				GENERATE_INFOPLIST_FILE = YES;
				MARKETING_VERSION = 1.0;
				PRODUCT_BUNDLE_IDENTIFIER = in.edu.srmist.chatUITests;
				PRODUCT_NAME = "$(TARGET_NAME)";
				SWIFT_EMIT_LOC_STRINGS = NO;
				SWIFT_VERSION = 5.0;
				TARGETED_DEVICE_FAMILY = "1,2";
				TEST_TARGET_NAME = chat;
			};
			name = Release;
		};
/* End XCBuildConfiguration section */

/* Begin XCConfigurationList section */
		596C7D7F2BAEDB9E009A0C1A /* Build configuration list for PBXProject "chat" */ = {
			isa = XCConfigurationList;
			buildConfigurations = (
				596C7DA62BAEDB9F009A0C1A /* Debug */,
				596C7DA72BAEDB9F009A0C1A /* Release */,
			);
			defaultConfigurationIsVisible = 0;
			defaultConfigurationName = Release;
		};
		596C7DA82BAEDB9F009A0C1A /* Build configuration list for PBXNativeTarget "chat" */ = {
			isa = XCConfigurationList;
			buildConfigurations = (
				596C7DA92BAEDB9F009A0C1A /* Debug */,
				596C7DAA2BAEDB9F009A0C1A /* Release */,
			);
			defaultConfigurationIsVisible = 0;
			defaultConfigurationName = Release;
		};
		596C7DAB2BAEDB9F009A0C1A /* Build configuration list for PBXNativeTarget "chatTests" */ = {
			isa = XCConfigurationList;
			buildConfigurations = (
				596C7DAC2BAEDB9F009A0C1A /* Debug */,
				596C7DAD2BAEDB9F009A0C1A /* Release */,
			);
			defaultConfigurationIsVisible = 0;
			defaultConfigurationName = Release;
		};
		596C7DAE2BAEDB9F009A0C1A /* Build configuration list for PBXNativeTarget "chatUITests" */ = {
			isa = XCConfigurationList;
			buildConfigurations = (
				596C7DAF2BAEDB9F009A0C1A /* Debug */,
				596C7DB02BAEDB9F009A0C1A /* Release */,
			);
			defaultConfigurationIsVisible = 0;
			defaultConfigurationName = Release;
		};
/* End XCConfigurationList section */

/* Begin XCRemoteSwiftPackageReference section */
		596160E42BAF146700111C40 /* XCRemoteSwiftPackageReference "firebase-ios-sdk" */ = {
			isa = XCRemoteSwiftPackageReference;
			repositoryURL = "https://github.com/firebase/firebase-ios-sdk";
			requirement = {
				kind = upToNextMajorVersion;
				minimumVersion = 10.23.0;
			};
		};
/* End XCRemoteSwiftPackageReference section */

/* Begin XCSwiftPackageProductDependency section */
		596160E52BAF146700111C40 /* FirebaseFirestore */ = {
			isa = XCSwiftPackageProductDependency;
			package = 596160E42BAF146700111C40 /* XCRemoteSwiftPackageReference "firebase-ios-sdk" */;
			productName = FirebaseFirestore;
		};
		596160E72BAF146700111C40 /* FirebaseFirestoreSwift */ = {
			isa = XCSwiftPackageProductDependency;
			package = 596160E42BAF146700111C40 /* XCRemoteSwiftPackageReference "firebase-ios-sdk" */;
			productName = FirebaseFirestoreSwift;
		};
/* End XCSwiftPackageProductDependency section */
	};
	rootObject = 596C7D7C2BAEDB9E009A0C1A /* Project object */;
}
